
Microsoft Visual Studio Solution File, Format Version 12.00
# Visual Studio Version 17
VisualStudioVersion = 17.11.35312.102
MinimumVisualStudioVersion = 10.0.40219.1
Project("{FAE04EC0-301F-11D3-BF4B-00C04F79EFBC}") = "EjInterfacesJoseCarlos", "EjInterfacesJoseCarlos\EjInterfacesJoseCarlos.csproj", "{3A075CC0-BD7D-4047-92F6-31F0BC736D6D}"
EndProject
Global
	GlobalSection(SolutionConfigurationPlatforms) = preSolution
		Debug|Any CPU = Debug|Any CPU
		Release|Any CPU = Release|Any CPU
	EndGlobalSection
	GlobalSection(ProjectConfigurationPlatforms) = postSolution
		{3A075CC0-BD7D-4047-92F6-31F0BC736D6D}.Debug|Any CPU.ActiveCfg = Debug|Any CPU
		{3A075CC0-BD7D-4047-92F6-31F0BC736D6D}.Debug|Any CPU.Build.0 = Debug|Any CPU
		{3A075CC0-BD7D-4047-92F6-31F0BC736D6D}.Release|Any CPU.ActiveCfg = Release|Any CPU
		{3A075CC0-BD7D-4047-92F6-31F0BC736D6D}.Release|Any CPU.Build.0 = Release|Any CPU
	EndGlobalSection
	GlobalSection(SolutionProperties) = preSolution
		HideSolutionNode = FALSE
	EndGlobalSection
	GlobalSection(ExtensibilityGlobals) = postSolution
		SolutionGuid = {D4FC1CF8-CFD8-4DD1-A826-809FD2CA91C2}
	EndGlobalSection
EndGlobal
